
Microsoft Visual Studio Solution File, Format Version 12.00
# Visual Studio Version 16
VisualStudioVersion = 16.0.33927.289
MinimumVisualStudioVersion = 10.0.40219.1
Project("{8BC9CEB8-8B4A-11D0-8D11-00A0C91BC942}") = "mman", "mman\mman.vcxproj", "{F118CC2E-9AED-4DB0-9BF4-028781D97AD1}"
EndProject
Project("{8BC9CEB8-8B4A-11D0-8D11-00A0C91BC942}") = "mman_test", "mman_test\mman_test.vcxproj", "{25741400-453B-4949-8BFF-DBE231C713B3}"
EndProject
Global
	GlobalSection(SolutionConfigurationPlatforms) = preSolution
		Debug|x64 = Debug|x64
		Debug|x86 = Debug|x86
		Release|x64 = Release|x64
		Release|x86 = Release|x86
	EndGlobalSection
	GlobalSection(ProjectConfigurationPlatforms) = postSolution
		{F118CC2E-9AED-4DB0-9BF4-028781D97AD1}.Debug|x64.ActiveCfg = Debug|Win32
		{F118CC2E-9AED-4DB0-9BF4-028781D97AD1}.Debug|x86.ActiveCfg = Debug|Win32
		{F118CC2E-9AED-4DB0-9BF4-028781D97AD1}.Debug|x86.Build.0 = Debug|Win32
		{F118CC2E-9AED-4DB0-9BF4-028781D97AD1}.Release|x64.ActiveCfg = Release|Win32
		{F118CC2E-9AED-4DB0-9BF4-028781D97AD1}.Release|x86.ActiveCfg = Release|Win32
		{F118CC2E-9AED-4DB0-9BF4-028781D97AD1}.Release|x86.Build.0 = Release|Win32
		{25741400-453B-4949-8BFF-DBE231C713B3}.Debug|x64.ActiveCfg = Debug|x64
		{25741400-453B-4949-8BFF-DBE231C713B3}.Debug|x64.Build.0 = Debug|x64
		{25741400-453B-4949-8BFF-DBE231C713B3}.Debug|x86.ActiveCfg = Debug|Win32
		{25741400-453B-4949-8BFF-DBE231C713B3}.Debug|x86.Build.0 = Debug|Win32
		{25741400-453B-4949-8BFF-DBE231C713B3}.Release|x64.ActiveCfg = Release|x64
		{25741400-453B-4949-8BFF-DBE231C713B3}.Release|x64.Build.0 = Release|x64
		{25741400-453B-4949-8BFF-DBE231C713B3}.Release|x86.ActiveCfg = Release|Win32
		{25741400-453B-4949-8BFF-DBE231C713B3}.Release|x86.Build.0 = Release|Win32
	EndGlobalSection
	GlobalSection(SolutionProperties) = preSolution
		HideSolutionNode = FALSE
	EndGlobalSection
	GlobalSection(ExtensibilityGlobals) = postSolution
		SolutionGuid = {2B0BE9E6-334A-41B8-BB3E-90097A0111FC}
	EndGlobalSection
EndGlobal
